
Microsoft Visual Studio Solution File, Format Version 12.00
Project("{FAE04EC0-301F-11D3-BF4B-00C04F79EFBC}") = "ShopSolution.API", "ShopSolution.API\ShopSolution.API.csproj", "{2870A072-ACE2-4EC4-8A6A-F180AC5BF09E}"
EndProject
Global
	GlobalSection(SolutionConfigurationPlatforms) = preSolution
		Debug|Any CPU = Debug|Any CPU
		Release|Any CPU = Release|Any CPU
	EndGlobalSection
	GlobalSection(ProjectConfigurationPlatforms) = postSolution
		{2870A072-ACE2-4EC4-8A6A-F180AC5BF09E}.Debug|Any CPU.ActiveCfg = Debug|Any CPU
		{2870A072-ACE2-4EC4-8A6A-F180AC5BF09E}.Debug|Any CPU.Build.0 = Debug|Any CPU
		{2870A072-ACE2-4EC4-8A6A-F180AC5BF09E}.Release|Any CPU.ActiveCfg = Release|Any CPU
		{2870A072-ACE2-4EC4-8A6A-F180AC5BF09E}.Release|Any CPU.Build.0 = Release|Any CPU
	EndGlobalSection
EndGlobal
